
Microsoft Visual Studio Solution File, Format Version 12.00
# Visual Studio Version 16
VisualStudioVersion = 16.0.30611.23
MinimumVisualStudioVersion = 10.0.40219.1
Project("{9A19103F-16F7-4668-BE54-9A1E7A4F7556}") = "NetworkController", "NetworkController\NetworkController.csproj", "{B0F7B739-E39C-4CDB-9643-2833DEA58D82}"
EndProject
Project("{FAE04EC0-301F-11D3-BF4B-00C04F79EFBC}") = "NetworkTestHelper", "NetworkTestHelper\NetworkTestHelper.csproj", "{C600631F-E2F4-4B16-B9FA-E4051ACAB2E7}"
EndProject
Project("{FAE04EC0-301F-11D3-BF4B-00C04F79EFBC}") = "NetworkTests", "NetworkTests\NetworkTests.csproj", "{9C2E51F9-BF57-400D-8E75-19FC9392DB3E}"
EndProject
Global
	GlobalSection(SolutionConfigurationPlatforms) = preSolution
		Debug|Any CPU = Debug|Any CPU
		Release|Any CPU = Release|Any CPU
	EndGlobalSection
	GlobalSection(ProjectConfigurationPlatforms) = postSolution
		{B0F7B739-E39C-4CDB-9643-2833DEA58D82}.Debug|Any CPU.ActiveCfg = Debug|Any CPU
		{B0F7B739-E39C-4CDB-9643-2833DEA58D82}.Debug|Any CPU.Build.0 = Debug|Any CPU
		{B0F7B739-E39C-4CDB-9643-2833DEA58D82}.Release|Any CPU.ActiveCfg = Release|Any CPU
		{B0F7B739-E39C-4CDB-9643-2833DEA58D82}.Release|Any CPU.Build.0 = Release|Any CPU
		{C600631F-E2F4-4B16-B9FA-E4051ACAB2E7}.Debug|Any CPU.ActiveCfg = Debug|Any CPU
		{C600631F-E2F4-4B16-B9FA-E4051ACAB2E7}.Debug|Any CPU.Build.0 = Debug|Any CPU
		{C600631F-E2F4-4B16-B9FA-E4051ACAB2E7}.Release|Any CPU.ActiveCfg = Release|Any CPU
		{C600631F-E2F4-4B16-B9FA-E4051ACAB2E7}.Release|Any CPU.Build.0 = Release|Any CPU
		{9C2E51F9-BF57-400D-8E75-19FC9392DB3E}.Debug|Any CPU.ActiveCfg = Debug|Any CPU
		{9C2E51F9-BF57-400D-8E75-19FC9392DB3E}.Debug|Any CPU.Build.0 = Debug|Any CPU
		{9C2E51F9-BF57-400D-8E75-19FC9392DB3E}.Release|Any CPU.ActiveCfg = Release|Any CPU
		{9C2E51F9-BF57-400D-8E75-19FC9392DB3E}.Release|Any CPU.Build.0 = Release|Any CPU
	EndGlobalSection
	GlobalSection(SolutionProperties) = preSolution
		HideSolutionNode = FALSE
	EndGlobalSection
	GlobalSection(ExtensibilityGlobals) = postSolution
		SolutionGuid = {486C021D-094E-47BB-83B0-AFD607C656DD}
	EndGlobalSection
EndGlobal
